
Microsoft Visual Studio Solution File, Format Version 12.00
# Visual Studio Version 16
VisualStudioVersion = 16.0.29418.71
MinimumVisualStudioVersion = 10.0.40219.1
Project("{9A19103F-16F7-4668-BE54-9A1E7A4F7556}") = "ABenNetCore.WebSocket.WebServer", "ABenNetCore.WebSocket.AppMsgPush\ABenNetCore.WebSocket.WebServer.csproj", "{CC624B60-2C6B-46D9-98D9-C99484B46749}"
EndProject
Project("{2150E333-8FDC-42A3-9474-1A3956D46DE8}") = "ABenNetCore.WebSocket.WebClient", "ABenNetCore.WebSocket.WebClient", "{BB80B039-0222-4A10-858B-A51502A39A23}"
	ProjectSection(SolutionItems) = preProject
		..\ABenNetCore.WebSocket.WebClient.html = ..\ABenNetCore.WebSocket.WebClient.html
	EndProjectSection
EndProject
Project("{FAE04EC0-301F-11D3-BF4B-00C04F79EFBC}") = "ABenNET.SuperWebSocket.AppClient", "ABenNET.SuperWebSocket.AppClient\ABenNET.SuperWebSocket.AppClient.csproj", "{1C031C74-811E-4914-B562-F347994D4AC5}"
EndProject
Global
	GlobalSection(SolutionConfigurationPlatforms) = preSolution
		Debug|Any CPU = Debug|Any CPU
		Debug|x86 = Debug|x86
		Release|Any CPU = Release|Any CPU
		Release|x86 = Release|x86
	EndGlobalSection
	GlobalSection(ProjectConfigurationPlatforms) = postSolution
		{CC624B60-2C6B-46D9-98D9-C99484B46749}.Debug|Any CPU.ActiveCfg = Debug|Any CPU
		{CC624B60-2C6B-46D9-98D9-C99484B46749}.Debug|Any CPU.Build.0 = Debug|Any CPU
		{CC624B60-2C6B-46D9-98D9-C99484B46749}.Debug|x86.ActiveCfg = Debug|Any CPU
		{CC624B60-2C6B-46D9-98D9-C99484B46749}.Debug|x86.Build.0 = Debug|Any CPU
		{CC624B60-2C6B-46D9-98D9-C99484B46749}.Release|Any CPU.ActiveCfg = Release|Any CPU
		{CC624B60-2C6B-46D9-98D9-C99484B46749}.Release|Any CPU.Build.0 = Release|Any CPU
		{CC624B60-2C6B-46D9-98D9-C99484B46749}.Release|x86.ActiveCfg = Release|Any CPU
		{CC624B60-2C6B-46D9-98D9-C99484B46749}.Release|x86.Build.0 = Release|Any CPU
		{1C031C74-811E-4914-B562-F347994D4AC5}.Debug|Any CPU.ActiveCfg = Debug|x86
		{1C031C74-811E-4914-B562-F347994D4AC5}.Debug|x86.ActiveCfg = Debug|x86
		{1C031C74-811E-4914-B562-F347994D4AC5}.Debug|x86.Build.0 = Debug|x86
		{1C031C74-811E-4914-B562-F347994D4AC5}.Release|Any CPU.ActiveCfg = Release|x86
		{1C031C74-811E-4914-B562-F347994D4AC5}.Release|x86.ActiveCfg = Release|x86
		{1C031C74-811E-4914-B562-F347994D4AC5}.Release|x86.Build.0 = Release|x86
	EndGlobalSection
	GlobalSection(SolutionProperties) = preSolution
		HideSolutionNode = FALSE
	EndGlobalSection
	GlobalSection(ExtensibilityGlobals) = postSolution
		SolutionGuid = {5F95E538-A5C3-4031-9D16-57A357FEB3B5}
	EndGlobalSection
EndGlobal
